
Microsoft Visual Studio Solution File, Format Version 12.00
# Visual Studio Version 16
VisualStudioVersion = 16.0.30711.63
MinimumVisualStudioVersion = 10.0.40219.1
Project("{8BC9CEB8-8B4A-11D0-8D11-00A0C91BC942}") = "lab_4", "lab_4.vcxproj", "{19FF11F3-7371-45C5-96D0-5955DF1B8EE3}"
EndProject
Global
	GlobalSection(SolutionConfigurationPlatforms) = preSolution
		Debug|x64 = Debug|x64
		Debug|x86 = Debug|x86
		Release|x64 = Release|x64
		Release|x86 = Release|x86
	EndGlobalSection
	GlobalSection(ProjectConfigurationPlatforms) = postSolution
		{19FF11F3-7371-45C5-96D0-5955DF1B8EE3}.Debug|x64.ActiveCfg = Debug|x64
		{19FF11F3-7371-45C5-96D0-5955DF1B8EE3}.Debug|x64.Build.0 = Debug|x64
		{19FF11F3-7371-45C5-96D0-5955DF1B8EE3}.Debug|x86.ActiveCfg = Debug|Win32
		{19FF11F3-7371-45C5-96D0-5955DF1B8EE3}.Debug|x86.Build.0 = Debug|Win32
		{19FF11F3-7371-45C5-96D0-5955DF1B8EE3}.Release|x64.ActiveCfg = Release|x64
		{19FF11F3-7371-45C5-96D0-5955DF1B8EE3}.Release|x64.Build.0 = Release|x64
		{19FF11F3-7371-45C5-96D0-5955DF1B8EE3}.Release|x86.ActiveCfg = Release|Win32
		{19FF11F3-7371-45C5-96D0-5955DF1B8EE3}.Release|x86.Build.0 = Release|Win32
	EndGlobalSection
	GlobalSection(SolutionProperties) = preSolution
		HideSolutionNode = FALSE
	EndGlobalSection
	GlobalSection(ExtensibilityGlobals) = postSolution
		SolutionGuid = {B04CE293-2B1C-4ED5-98D0-1CFB395E76C5}
	EndGlobalSection
EndGlobal
